
Microsoft Visual Studio Solution File, Format Version 12.00
# Visual Studio Version 16
VisualStudioVersion = 16.0.31424.327
MinimumVisualStudioVersion = 10.0.40219.1
Project("{FAE04EC0-301F-11D3-BF4B-00C04F79EFBC}") = "LearnCS", "LearnCS\LearnCS.csproj", "{77BB0B05-8E7F-4E77-8ED9-952AEE3A8F2E}"
EndProject
Global
	GlobalSection(SolutionConfigurationPlatforms) = preSolution
		Debug|Any CPU = Debug|Any CPU
		Release|Any CPU = Release|Any CPU
	EndGlobalSection
	GlobalSection(ProjectConfigurationPlatforms) = postSolution
		{77BB0B05-8E7F-4E77-8ED9-952AEE3A8F2E}.Debug|Any CPU.ActiveCfg = Debug|Any CPU
		{77BB0B05-8E7F-4E77-8ED9-952AEE3A8F2E}.Debug|Any CPU.Build.0 = Debug|Any CPU
		{77BB0B05-8E7F-4E77-8ED9-952AEE3A8F2E}.Release|Any CPU.ActiveCfg = Release|Any CPU
		{77BB0B05-8E7F-4E77-8ED9-952AEE3A8F2E}.Release|Any CPU.Build.0 = Release|Any CPU
	EndGlobalSection
	GlobalSection(SolutionProperties) = preSolution
		HideSolutionNode = FALSE
	EndGlobalSection
	GlobalSection(ExtensibilityGlobals) = postSolution
		SolutionGuid = {39F95F85-37F0-4082-8B9F-46F9C8EF2132}
	EndGlobalSection
EndGlobal
